{
    "_readme": [
        "This file locks the dependencies of your project to a known state",
        "Read more about it at https://getcomposer.org/doc/01-basic-usage.md#installing-dependencies",
        "This file is @generated automatically"
    ],
    "content-hash": "8da292a579a53f7db8f5147b41a08411",
    "packages": [
        {
            "name": "azcend/core",
            "version": "1.0.1",
            "dist": {
                "type": "path",
                "url": "./packages/azcend/core",
                "reference": "3a88892639366887a7b704aa2e9483898a1b1800"
            },
            "require": {
                "ext-pdo": "*",
                "php": "^8.2"
            },
            "type": "library",
            "autoload": {
                "psr-4": {
                    "Azcend\\Core\\": "src/"
                }
            },
            "license": [
                "MIT"
            ],
            "description": "Core package for Azcend MVC",
            "transport-options": {
                "symlink": true,
                "relative": true
            }
        }
    ],
    "packages-dev": [],
    "aliases": [],
    "minimum-stability": "stable",
    "stability-flags": {
        "azcend/core": 20
    },
    "prefer-stable": false,
    "prefer-lowest": false,
    "platform": {
        "ext-pdo": "*"
    },
    "platform-dev": [],
    "plugin-api-version": "2.2.0"
}
