{
    "_readme": [
        "This file locks the dependencies of your project to a known state",
        "Read more about it at https://getcomposer.org/doc/01-basic-usage.md#installing-dependencies",
        "This file is @generated automatically"
    ],
    "content-hash": "3459c8c2c16b68bf105d6d5dab2f96ec",
    "packages": [
        {
            "name": "azcend/core",
            "version": "1.0",
            "source": {
                "type": "git",
                "url": "https://github.com/FilipThuresson/AzcendCore.git",
                "reference": "7792bc330e6469a5adb958455af277e8df542c09"
            },
            "dist": {
                "type": "zip",
                "url": "https://api.github.com/repos/FilipThuresson/AzcendCore/zipball/7792bc330e6469a5adb958455af277e8df542c09",
                "reference": "7792bc330e6469a5adb958455af277e8df542c09",
                "shasum": ""
            },
            "require": {
                "ext-pdo": "*",
                "php": "^8.2"
            },
            "type": "library",
            "autoload": {
                "psr-4": {
                    "Azcend\\Core\\": "src/"
                }
            },
            "notification-url": "https://packagist.org/downloads/",
            "description": "Core package for Azcend MVC",
            "support": {
                "issues": "https://github.com/FilipThuresson/AzcendCore/issues",
                "source": "https://github.com/FilipThuresson/AzcendCore/tree/v1.0.0"
            },
            "time": "2024-05-24T21:31:57+00:00"
        }
    ],
    "packages-dev": [],
    "aliases": [],
    "minimum-stability": "stable",
    "stability-flags": [],
    "prefer-stable": false,
    "prefer-lowest": false,
    "platform": {
        "ext-pdo": "*"
    },
    "platform-dev": [],
    "plugin-api-version": "2.2.0"
}
